
Microsoft Visual Studio Solution File, Format Version 12.00
# Visual Studio Version 17
VisualStudioVersion = 17.5.33414.496
MinimumVisualStudioVersion = 10.0.40219.1
Project("{FAE04EC0-301F-11D3-BF4B-00C04F79EFBC}") = "TPMOD3_1302213058", "TPMOD3_1302213058\TPMOD3_1302213058.csproj", "{6485EEBB-4AB1-41D3-8290-8DB75979027B}"
EndProject
Global
	GlobalSection(SolutionConfigurationPlatforms) = preSolution
		Debug|Any CPU = Debug|Any CPU
		Release|Any CPU = Release|Any CPU
	EndGlobalSection
	GlobalSection(ProjectConfigurationPlatforms) = postSolution
		{6485EEBB-4AB1-41D3-8290-8DB75979027B}.Debug|Any CPU.ActiveCfg = Debug|Any CPU
		{6485EEBB-4AB1-41D3-8290-8DB75979027B}.Debug|Any CPU.Build.0 = Debug|Any CPU
		{6485EEBB-4AB1-41D3-8290-8DB75979027B}.Release|Any CPU.ActiveCfg = Release|Any CPU
		{6485EEBB-4AB1-41D3-8290-8DB75979027B}.Release|Any CPU.Build.0 = Release|Any CPU
	EndGlobalSection
	GlobalSection(SolutionProperties) = preSolution
		HideSolutionNode = FALSE
	EndGlobalSection
	GlobalSection(ExtensibilityGlobals) = postSolution
		SolutionGuid = {1E4D012E-49C9-4C22-97CA-2905F3009840}
	EndGlobalSection
EndGlobal
